
Microsoft Visual Studio Solution File, Format Version 12.00
# Visual Studio Version 17
VisualStudioVersion = 17.7.34202.233
MinimumVisualStudioVersion = 10.0.40219.1
Project("{FAE04EC0-301F-11D3-BF4B-00C04F79EFBC}") = "Anjo.Android.PixImagePicker", "Anjo.Android.PixImagePicker\Anjo.Android.PixImagePicker.csproj", "{ED109BD5-9B89-465A-B48E-57C52A232D1B}"
EndProject
Global
	GlobalSection(SolutionConfigurationPlatforms) = preSolution
		Debug|Any CPU = Debug|Any CPU
		Release|Any CPU = Release|Any CPU
	EndGlobalSection
	GlobalSection(ProjectConfigurationPlatforms) = postSolution
		{ED109BD5-9B89-465A-B48E-57C52A232D1B}.Debug|Any CPU.ActiveCfg = Debug|Any CPU
		{ED109BD5-9B89-465A-B48E-57C52A232D1B}.Debug|Any CPU.Build.0 = Debug|Any CPU
		{ED109BD5-9B89-465A-B48E-57C52A232D1B}.Release|Any CPU.ActiveCfg = Release|Any CPU
		{ED109BD5-9B89-465A-B48E-57C52A232D1B}.Release|Any CPU.Build.0 = Release|Any CPU
	EndGlobalSection
	GlobalSection(SolutionProperties) = preSolution
		HideSolutionNode = FALSE
	EndGlobalSection
	GlobalSection(ExtensibilityGlobals) = postSolution
		SolutionGuid = {C3D42513-D024-4511-88B8-70D752868399}
	EndGlobalSection
EndGlobal
